
Microsoft Visual Studio Solution File, Format Version 12.00
# Visual Studio 15
VisualStudioVersion = 15.0.28307.645
MinimumVisualStudioVersion = 10.0.40219.1
Project("{FAE04EC0-301F-11D3-BF4B-00C04F79EFBC}") = "WLAN Tools", "WLAN Tools\WLAN Tools.csproj", "{F54960FD-939C-43F4-9939-3B8E1EF0F77D}"
EndProject
Global
	GlobalSection(SolutionConfigurationPlatforms) = preSolution
		Debug|Any CPU = Debug|Any CPU
		Release|Any CPU = Release|Any CPU
	EndGlobalSection
	GlobalSection(ProjectConfigurationPlatforms) = postSolution
		{F54960FD-939C-43F4-9939-3B8E1EF0F77D}.Debug|Any CPU.ActiveCfg = Debug|Any CPU
		{F54960FD-939C-43F4-9939-3B8E1EF0F77D}.Debug|Any CPU.Build.0 = Debug|Any CPU
		{F54960FD-939C-43F4-9939-3B8E1EF0F77D}.Release|Any CPU.ActiveCfg = Release|Any CPU
		{F54960FD-939C-43F4-9939-3B8E1EF0F77D}.Release|Any CPU.Build.0 = Release|Any CPU
	EndGlobalSection
	GlobalSection(SolutionProperties) = preSolution
		HideSolutionNode = FALSE
	EndGlobalSection
	GlobalSection(ExtensibilityGlobals) = postSolution
		SolutionGuid = {64681D02-31E8-4447-AA70-0AC5C12ACF1C}
	EndGlobalSection
EndGlobal
